
Microsoft Visual Studio Solution File, Format Version 12.00
# Visual Studio 15
Project("{FAE04EC0-301F-11D3-BF4B-00C04F79EFBC}") = "NIRSdotNET", "SNIRF\NIRSdotNET.csproj", "{66CEE40B-4A70-4432-A819-AA5C63994685}"
EndProject
Project("{FAE04EC0-301F-11D3-BF4B-00C04F79EFBC}") = "NIRSconverter", "NIRSconverter\NIRSconverter.csproj", "{19F6F3CF-461E-4693-A268-1202C7BF7043}"
EndProject
Project("{FAE04EC0-301F-11D3-BF4B-00C04F79EFBC}") = "NIRSrecorder", "NIRSrecorder\NIRSrecorder.csproj", "{1B6462A9-7434-490C-B65C-91498B6FFA3F}"
EndProject
Project("{FAE04EC0-301F-11D3-BF4B-00C04F79EFBC}") = "NIRSDAQ", "NIRSDAQ\NIRSDAQ.csproj", "{AD341F6F-9ABF-4462-BD8D-4531A8113EA7}"
EndProject
Project("{FAE04EC0-301F-11D3-BF4B-00C04F79EFBC}") = "myLSLlibrary", "myLSLlibrary\myLSLlibrary.csproj", "{F8D3FE64-31F7-4934-BD69-4942DE6F5850}"
EndProject
Global
	GlobalSection(SolutionConfigurationPlatforms) = preSolution
		Debug|Any CPU = Debug|Any CPU
		Release|Any CPU = Release|Any CPU
		HDF5 1.8 Debug|Any CPU = HDF5 1.8 Debug|Any CPU
		HDF5 1.8 Release|Any CPU = HDF5 1.8 Release|Any CPU
		HDF5 1.10 Debug|Any CPU = HDF5 1.10 Debug|Any CPU
		HDF5 1.10 Release|Any CPU = HDF5 1.10 Release|Any CPU
		Debug|x64 = Debug|x64
		Release|x64 = Release|x64
		Debug|x86 = Debug|x86
		Release|x86 = Release|x86
	EndGlobalSection
	GlobalSection(ProjectConfigurationPlatforms) = postSolution
		{66CEE40B-4A70-4432-A819-AA5C63994685}.Debug|Any CPU.ActiveCfg = Debug|Any CPU
		{66CEE40B-4A70-4432-A819-AA5C63994685}.Debug|Any CPU.Build.0 = Debug|Any CPU
		{66CEE40B-4A70-4432-A819-AA5C63994685}.Release|Any CPU.ActiveCfg = Release|Any CPU
		{66CEE40B-4A70-4432-A819-AA5C63994685}.Release|Any CPU.Build.0 = Release|Any CPU
		{66CEE40B-4A70-4432-A819-AA5C63994685}.HDF5 1.8 Debug|Any CPU.ActiveCfg = Debug|Any CPU
		{66CEE40B-4A70-4432-A819-AA5C63994685}.HDF5 1.8 Debug|Any CPU.Build.0 = Debug|Any CPU
		{66CEE40B-4A70-4432-A819-AA5C63994685}.HDF5 1.8 Release|Any CPU.ActiveCfg = Debug|Any CPU
		{66CEE40B-4A70-4432-A819-AA5C63994685}.HDF5 1.8 Release|Any CPU.Build.0 = Debug|Any CPU
		{66CEE40B-4A70-4432-A819-AA5C63994685}.HDF5 1.10 Debug|Any CPU.ActiveCfg = Debug|Any CPU
		{66CEE40B-4A70-4432-A819-AA5C63994685}.HDF5 1.10 Debug|Any CPU.Build.0 = Debug|Any CPU
		{66CEE40B-4A70-4432-A819-AA5C63994685}.HDF5 1.10 Release|Any CPU.ActiveCfg = Debug|Any CPU
		{66CEE40B-4A70-4432-A819-AA5C63994685}.HDF5 1.10 Release|Any CPU.Build.0 = Debug|Any CPU
		{66CEE40B-4A70-4432-A819-AA5C63994685}.Debug|x64.ActiveCfg = Debug|Any CPU
		{66CEE40B-4A70-4432-A819-AA5C63994685}.Debug|x64.Build.0 = Debug|Any CPU
		{66CEE40B-4A70-4432-A819-AA5C63994685}.Release|x64.ActiveCfg = Release|Any CPU
		{66CEE40B-4A70-4432-A819-AA5C63994685}.Release|x64.Build.0 = Release|Any CPU
		{66CEE40B-4A70-4432-A819-AA5C63994685}.Debug|x86.ActiveCfg = Debug|Any CPU
		{66CEE40B-4A70-4432-A819-AA5C63994685}.Debug|x86.Build.0 = Debug|Any CPU
		{66CEE40B-4A70-4432-A819-AA5C63994685}.Release|x86.ActiveCfg = Release|Any CPU
		{66CEE40B-4A70-4432-A819-AA5C63994685}.Release|x86.Build.0 = Release|Any CPU
		{19F6F3CF-461E-4693-A268-1202C7BF7043}.Debug|Any CPU.ActiveCfg = Debug|Any CPU
		{19F6F3CF-461E-4693-A268-1202C7BF7043}.Debug|Any CPU.Build.0 = Debug|Any CPU
		{19F6F3CF-461E-4693-A268-1202C7BF7043}.Release|Any CPU.ActiveCfg = Release|Any CPU
		{19F6F3CF-461E-4693-A268-1202C7BF7043}.Release|Any CPU.Build.0 = Release|Any CPU
		{19F6F3CF-461E-4693-A268-1202C7BF7043}.HDF5 1.8 Debug|Any CPU.ActiveCfg = Debug|Any CPU
		{19F6F3CF-461E-4693-A268-1202C7BF7043}.HDF5 1.8 Debug|Any CPU.Build.0 = Debug|Any CPU
		{19F6F3CF-461E-4693-A268-1202C7BF7043}.HDF5 1.8 Release|Any CPU.ActiveCfg = Debug|Any CPU
		{19F6F3CF-461E-4693-A268-1202C7BF7043}.HDF5 1.8 Release|Any CPU.Build.0 = Debug|Any CPU
		{19F6F3CF-461E-4693-A268-1202C7BF7043}.HDF5 1.10 Debug|Any CPU.ActiveCfg = Debug|Any CPU
		{19F6F3CF-461E-4693-A268-1202C7BF7043}.HDF5 1.10 Debug|Any CPU.Build.0 = Debug|Any CPU
		{19F6F3CF-461E-4693-A268-1202C7BF7043}.HDF5 1.10 Release|Any CPU.ActiveCfg = Debug|Any CPU
		{19F6F3CF-461E-4693-A268-1202C7BF7043}.HDF5 1.10 Release|Any CPU.Build.0 = Debug|Any CPU
		{19F6F3CF-461E-4693-A268-1202C7BF7043}.Debug|x64.ActiveCfg = Debug|Any CPU
		{19F6F3CF-461E-4693-A268-1202C7BF7043}.Debug|x64.Build.0 = Debug|Any CPU
		{19F6F3CF-461E-4693-A268-1202C7BF7043}.Release|x64.ActiveCfg = Release|Any CPU
		{19F6F3CF-461E-4693-A268-1202C7BF7043}.Release|x64.Build.0 = Release|Any CPU
		{19F6F3CF-461E-4693-A268-1202C7BF7043}.Debug|x86.ActiveCfg = Debug|Any CPU
		{19F6F3CF-461E-4693-A268-1202C7BF7043}.Debug|x86.Build.0 = Debug|Any CPU
		{19F6F3CF-461E-4693-A268-1202C7BF7043}.Release|x86.ActiveCfg = Release|Any CPU
		{19F6F3CF-461E-4693-A268-1202C7BF7043}.Release|x86.Build.0 = Release|Any CPU
		{1B6462A9-7434-490C-B65C-91498B6FFA3F}.Debug|Any CPU.ActiveCfg = Debug|Any CPU
		{1B6462A9-7434-490C-B65C-91498B6FFA3F}.Debug|Any CPU.Build.0 = Debug|Any CPU
		{1B6462A9-7434-490C-B65C-91498B6FFA3F}.Release|Any CPU.ActiveCfg = Release|Any CPU
		{1B6462A9-7434-490C-B65C-91498B6FFA3F}.Release|Any CPU.Build.0 = Release|Any CPU
		{1B6462A9-7434-490C-B65C-91498B6FFA3F}.HDF5 1.8 Debug|Any CPU.ActiveCfg = Debug|Any CPU
		{1B6462A9-7434-490C-B65C-91498B6FFA3F}.HDF5 1.8 Debug|Any CPU.Build.0 = Debug|Any CPU
		{1B6462A9-7434-490C-B65C-91498B6FFA3F}.HDF5 1.8 Release|Any CPU.ActiveCfg = Debug|Any CPU
		{1B6462A9-7434-490C-B65C-91498B6FFA3F}.HDF5 1.8 Release|Any CPU.Build.0 = Debug|Any CPU
		{1B6462A9-7434-490C-B65C-91498B6FFA3F}.HDF5 1.10 Debug|Any CPU.ActiveCfg = Debug|Any CPU
		{1B6462A9-7434-490C-B65C-91498B6FFA3F}.HDF5 1.10 Debug|Any CPU.Build.0 = Debug|Any CPU
		{1B6462A9-7434-490C-B65C-91498B6FFA3F}.HDF5 1.10 Release|Any CPU.ActiveCfg = Debug|Any CPU
		{1B6462A9-7434-490C-B65C-91498B6FFA3F}.HDF5 1.10 Release|Any CPU.Build.0 = Debug|Any CPU
		{1B6462A9-7434-490C-B65C-91498B6FFA3F}.Debug|x64.ActiveCfg = Debug|Any CPU
		{1B6462A9-7434-490C-B65C-91498B6FFA3F}.Debug|x64.Build.0 = Debug|Any CPU
		{1B6462A9-7434-490C-B65C-91498B6FFA3F}.Release|x64.ActiveCfg = Release|Any CPU
		{1B6462A9-7434-490C-B65C-91498B6FFA3F}.Release|x64.Build.0 = Release|Any CPU
		{1B6462A9-7434-490C-B65C-91498B6FFA3F}.Debug|x86.ActiveCfg = Debug|Any CPU
		{1B6462A9-7434-490C-B65C-91498B6FFA3F}.Debug|x86.Build.0 = Debug|Any CPU
		{1B6462A9-7434-490C-B65C-91498B6FFA3F}.Release|x86.ActiveCfg = Release|Any CPU
		{1B6462A9-7434-490C-B65C-91498B6FFA3F}.Release|x86.Build.0 = Release|Any CPU
		{AD341F6F-9ABF-4462-BD8D-4531A8113EA7}.Debug|Any CPU.ActiveCfg = Debug|Any CPU
		{AD341F6F-9ABF-4462-BD8D-4531A8113EA7}.Debug|Any CPU.Build.0 = Debug|Any CPU
		{AD341F6F-9ABF-4462-BD8D-4531A8113EA7}.Release|Any CPU.ActiveCfg = Release|Any CPU
		{AD341F6F-9ABF-4462-BD8D-4531A8113EA7}.Release|Any CPU.Build.0 = Release|Any CPU
		{AD341F6F-9ABF-4462-BD8D-4531A8113EA7}.HDF5 1.8 Debug|Any CPU.ActiveCfg = Debug|Any CPU
		{AD341F6F-9ABF-4462-BD8D-4531A8113EA7}.HDF5 1.8 Debug|Any CPU.Build.0 = Debug|Any CPU
		{AD341F6F-9ABF-4462-BD8D-4531A8113EA7}.HDF5 1.8 Release|Any CPU.ActiveCfg = Debug|Any CPU
		{AD341F6F-9ABF-4462-BD8D-4531A8113EA7}.HDF5 1.8 Release|Any CPU.Build.0 = Debug|Any CPU
		{AD341F6F-9ABF-4462-BD8D-4531A8113EA7}.HDF5 1.10 Debug|Any CPU.ActiveCfg = Debug|Any CPU
		{AD341F6F-9ABF-4462-BD8D-4531A8113EA7}.HDF5 1.10 Debug|Any CPU.Build.0 = Debug|Any CPU
		{AD341F6F-9ABF-4462-BD8D-4531A8113EA7}.HDF5 1.10 Release|Any CPU.ActiveCfg = Debug|Any CPU
		{AD341F6F-9ABF-4462-BD8D-4531A8113EA7}.HDF5 1.10 Release|Any CPU.Build.0 = Debug|Any CPU
		{AD341F6F-9ABF-4462-BD8D-4531A8113EA7}.Debug|x64.ActiveCfg = Debug|Any CPU
		{AD341F6F-9ABF-4462-BD8D-4531A8113EA7}.Debug|x64.Build.0 = Debug|Any CPU
		{AD341F6F-9ABF-4462-BD8D-4531A8113EA7}.Release|x64.ActiveCfg = Release|Any CPU
		{AD341F6F-9ABF-4462-BD8D-4531A8113EA7}.Release|x64.Build.0 = Release|Any CPU
		{AD341F6F-9ABF-4462-BD8D-4531A8113EA7}.Debug|x86.ActiveCfg = Debug|Any CPU
		{AD341F6F-9ABF-4462-BD8D-4531A8113EA7}.Debug|x86.Build.0 = Debug|Any CPU
		{AD341F6F-9ABF-4462-BD8D-4531A8113EA7}.Release|x86.ActiveCfg = Release|Any CPU
		{AD341F6F-9ABF-4462-BD8D-4531A8113EA7}.Release|x86.Build.0 = Release|Any CPU
		{F8D3FE64-31F7-4934-BD69-4942DE6F5850}.Debug|Any CPU.ActiveCfg = Debug|Any CPU
		{F8D3FE64-31F7-4934-BD69-4942DE6F5850}.Debug|Any CPU.Build.0 = Debug|Any CPU
		{F8D3FE64-31F7-4934-BD69-4942DE6F5850}.Release|Any CPU.ActiveCfg = Release|Any CPU
		{F8D3FE64-31F7-4934-BD69-4942DE6F5850}.Release|Any CPU.Build.0 = Release|Any CPU
		{F8D3FE64-31F7-4934-BD69-4942DE6F5850}.HDF5 1.8 Debug|Any CPU.ActiveCfg = Debug|Any CPU
		{F8D3FE64-31F7-4934-BD69-4942DE6F5850}.HDF5 1.8 Debug|Any CPU.Build.0 = Debug|Any CPU
		{F8D3FE64-31F7-4934-BD69-4942DE6F5850}.HDF5 1.8 Release|Any CPU.ActiveCfg = Debug|Any CPU
		{F8D3FE64-31F7-4934-BD69-4942DE6F5850}.HDF5 1.8 Release|Any CPU.Build.0 = Debug|Any CPU
		{F8D3FE64-31F7-4934-BD69-4942DE6F5850}.HDF5 1.10 Debug|Any CPU.ActiveCfg = Debug|Any CPU
		{F8D3FE64-31F7-4934-BD69-4942DE6F5850}.HDF5 1.10 Debug|Any CPU.Build.0 = Debug|Any CPU
		{F8D3FE64-31F7-4934-BD69-4942DE6F5850}.HDF5 1.10 Release|Any CPU.ActiveCfg = Debug|Any CPU
		{F8D3FE64-31F7-4934-BD69-4942DE6F5850}.HDF5 1.10 Release|Any CPU.Build.0 = Debug|Any CPU
		{F8D3FE64-31F7-4934-BD69-4942DE6F5850}.Debug|x64.ActiveCfg = Debug|Any CPU
		{F8D3FE64-31F7-4934-BD69-4942DE6F5850}.Debug|x64.Build.0 = Debug|Any CPU
		{F8D3FE64-31F7-4934-BD69-4942DE6F5850}.Release|x64.ActiveCfg = Release|Any CPU
		{F8D3FE64-31F7-4934-BD69-4942DE6F5850}.Release|x64.Build.0 = Release|Any CPU
		{F8D3FE64-31F7-4934-BD69-4942DE6F5850}.Debug|x86.ActiveCfg = Debug|Any CPU
		{F8D3FE64-31F7-4934-BD69-4942DE6F5850}.Debug|x86.Build.0 = Debug|Any CPU
		{F8D3FE64-31F7-4934-BD69-4942DE6F5850}.Release|x86.ActiveCfg = Release|Any CPU
		{F8D3FE64-31F7-4934-BD69-4942DE6F5850}.Release|x86.Build.0 = Release|Any CPU
	EndGlobalSection
	GlobalSection(MonoDevelopProperties) = preSolution
		Policies = $0
		$0.StandardHeader = $1
		$0.VersionControlPolicy = $2
		$0.DotNetNamingPolicy = $3
		$3.DirectoryNamespaceAssociation = PrefixedHierarchical
		$0.TextStylePolicy = $4
		$4.inheritsSet = null
		$4.scope = text/x-csharp
		$0.CSharpFormattingPolicy = $5
		$5.scope = text/x-csharp
		$0.TextStylePolicy = $6
		$6.FileWidth = 80
		$6.TabsToSpaces = True
		$6.scope = text/plain
		$0.TextStylePolicy = $7
		$7.inheritsSet = null
		$7.scope = application/config+xml
		$0.XmlFormattingPolicy = $8
		$8.inheritsSet = null
		$8.scope = application/config+xml
		$0.TextStylePolicy = $9
		$9.inheritsSet = null
		$9.scope = application/xml
		$0.XmlFormattingPolicy = $10
		$10.scope = application/xml
		version = 1.0
	EndGlobalSection
EndGlobal
