Microsoft Visual Studio Solution File, Format Version 12.00
# Visual Studio Version 16
VisualStudioVersion = 16.0.30907.101
MinimumVisualStudioVersion = 10.0.40219.1
Project("{FAE04EC0-301F-11D3-BF4B-00C04F79EFBC}") = "NIRSdotNET", "SNIRF\NIRSdotNET.csproj", "{66CEE40B-4A70-4432-A819-AA5C63994685}"
EndProject
Project("{FAE04EC0-301F-11D3-BF4B-00C04F79EFBC}") = "NIRSconverter", "NIRSconverter\NIRSconverter.csproj", "{19F6F3CF-461E-4693-A268-1202C7BF7043}"
EndProject
Project("{FAE04EC0-301F-11D3-BF4B-00C04F79EFBC}") = "NIRSrecorder", "NIRSrecorder\NIRSrecorder.csproj", "{1B6462A9-7434-490C-B65C-91498B6FFA3F}"
EndProject
Project("{FAE04EC0-301F-11D3-BF4B-00C04F79EFBC}") = "NIRSDAQ", "NIRSDAQ\NIRSDAQ.csproj", "{AD341F6F-9ABF-4462-BD8D-4531A8113EA7}"
EndProject
Project("{FAE04EC0-301F-11D3-BF4B-00C04F79EFBC}") = "myLSLlibrary", "myLSLlibrary\myLSLlibrary.csproj", "{F8D3FE64-31F7-4934-BD69-4942DE6F5850}"
EndProject
Project("{FAE04EC0-301F-11D3-BF4B-00C04F79EFBC}") = "HDF.PInvoke", "HDF.PInvoke\HDF.PInvoke.csproj", "{4450F800-93E2-4D4A-B224-966E2338CDED}"
EndProject
Project("{FAE04EC0-301F-11D3-BF4B-00C04F79EFBC}") = "SNIRFvalidator", "SNIRFvalidator\SNIRFvalidator.csproj", "{15562F56-CFD4-4EDA-9722-56E397876E52}"
EndProject
Project("{FAE04EC0-301F-11D3-BF4B-00C04F79EFBC}") = "NIRS_Plugins", "NIRS_Plugins\NIRS_Plugins.csproj", "{C0667195-8286-4D48-93E3-9808E6A6444A}"
EndProject
Project("{FAE04EC0-301F-11D3-BF4B-00C04F79EFBC}") = "rtfNIRS", "rtfNIRS\rtfNIRS\rtfNIRS.csproj", "{3E984478-3EAB-4513-A4DF-5CEF9ADB0271}"
EndProject
Global
	GlobalSection(SolutionConfigurationPlatforms) = preSolution
		Debug|Any CPU = Debug|Any CPU
		Debug|x64 = Debug|x64
		Debug|x86 = Debug|x86
		HDF5 1.10 Debug|Any CPU = HDF5 1.10 Debug|Any CPU
		HDF5 1.10 Debug|x64 = HDF5 1.10 Debug|x64
		HDF5 1.10 Debug|x86 = HDF5 1.10 Debug|x86
		HDF5 1.10 Release|Any CPU = HDF5 1.10 Release|Any CPU
		HDF5 1.10 Release|x64 = HDF5 1.10 Release|x64
		HDF5 1.10 Release|x86 = HDF5 1.10 Release|x86
		HDF5 1.8 Debug|Any CPU = HDF5 1.8 Debug|Any CPU
		HDF5 1.8 Debug|x64 = HDF5 1.8 Debug|x64
		HDF5 1.8 Debug|x86 = HDF5 1.8 Debug|x86
		HDF5 1.8 Release|Any CPU = HDF5 1.8 Release|Any CPU
		HDF5 1.8 Release|x64 = HDF5 1.8 Release|x64
		HDF5 1.8 Release|x86 = HDF5 1.8 Release|x86
		Release|Any CPU = Release|Any CPU
		Release|x64 = Release|x64
		Release|x86 = Release|x86
		Debug|anycpu = Debug|anycpu
		Release|anycpu = Release|anycpu
	EndGlobalSection
	GlobalSection(ProjectConfigurationPlatforms) = postSolution
		{66CEE40B-4A70-4432-A819-AA5C63994685}.Debug|Any CPU.ActiveCfg = Debug|Any CPU
		{66CEE40B-4A70-4432-A819-AA5C63994685}.Debug|Any CPU.Build.0 = Debug|Any CPU
		{66CEE40B-4A70-4432-A819-AA5C63994685}.Debug|x64.ActiveCfg = Debug|Any CPU
		{66CEE40B-4A70-4432-A819-AA5C63994685}.Debug|x64.Build.0 = Debug|Any CPU
		{66CEE40B-4A70-4432-A819-AA5C63994685}.Debug|x86.ActiveCfg = Debug|Any CPU
		{66CEE40B-4A70-4432-A819-AA5C63994685}.Debug|x86.Build.0 = Debug|Any CPU
		{66CEE40B-4A70-4432-A819-AA5C63994685}.HDF5 1.10 Debug|Any CPU.ActiveCfg = Debug|Any CPU
		{66CEE40B-4A70-4432-A819-AA5C63994685}.HDF5 1.10 Debug|Any CPU.Build.0 = Debug|Any CPU
		{66CEE40B-4A70-4432-A819-AA5C63994685}.HDF5 1.10 Debug|x64.ActiveCfg = Debug|Any CPU
		{66CEE40B-4A70-4432-A819-AA5C63994685}.HDF5 1.10 Debug|x64.Build.0 = Debug|Any CPU
		{66CEE40B-4A70-4432-A819-AA5C63994685}.HDF5 1.10 Debug|x86.ActiveCfg = Debug|Any CPU
		{66CEE40B-4A70-4432-A819-AA5C63994685}.HDF5 1.10 Debug|x86.Build.0 = Debug|Any CPU
		{66CEE40B-4A70-4432-A819-AA5C63994685}.HDF5 1.10 Release|Any CPU.ActiveCfg = Debug|Any CPU
		{66CEE40B-4A70-4432-A819-AA5C63994685}.HDF5 1.10 Release|Any CPU.Build.0 = Debug|Any CPU
		{66CEE40B-4A70-4432-A819-AA5C63994685}.HDF5 1.10 Release|x64.ActiveCfg = Release|Any CPU
		{66CEE40B-4A70-4432-A819-AA5C63994685}.HDF5 1.10 Release|x64.Build.0 = Release|Any CPU
		{66CEE40B-4A70-4432-A819-AA5C63994685}.HDF5 1.10 Release|x86.ActiveCfg = Release|Any CPU
		{66CEE40B-4A70-4432-A819-AA5C63994685}.HDF5 1.10 Release|x86.Build.0 = Release|Any CPU
		{66CEE40B-4A70-4432-A819-AA5C63994685}.HDF5 1.8 Debug|Any CPU.ActiveCfg = Debug|Any CPU
		{66CEE40B-4A70-4432-A819-AA5C63994685}.HDF5 1.8 Debug|Any CPU.Build.0 = Debug|Any CPU
		{66CEE40B-4A70-4432-A819-AA5C63994685}.HDF5 1.8 Debug|x64.ActiveCfg = Debug|Any CPU
		{66CEE40B-4A70-4432-A819-AA5C63994685}.HDF5 1.8 Debug|x64.Build.0 = Debug|Any CPU
		{66CEE40B-4A70-4432-A819-AA5C63994685}.HDF5 1.8 Debug|x86.ActiveCfg = Debug|Any CPU
		{66CEE40B-4A70-4432-A819-AA5C63994685}.HDF5 1.8 Debug|x86.Build.0 = Debug|Any CPU
		{66CEE40B-4A70-4432-A819-AA5C63994685}.HDF5 1.8 Release|Any CPU.ActiveCfg = Debug|Any CPU
		{66CEE40B-4A70-4432-A819-AA5C63994685}.HDF5 1.8 Release|Any CPU.Build.0 = Debug|Any CPU
		{66CEE40B-4A70-4432-A819-AA5C63994685}.HDF5 1.8 Release|x64.ActiveCfg = Release|Any CPU
		{66CEE40B-4A70-4432-A819-AA5C63994685}.HDF5 1.8 Release|x64.Build.0 = Release|Any CPU
		{66CEE40B-4A70-4432-A819-AA5C63994685}.HDF5 1.8 Release|x86.ActiveCfg = Release|Any CPU
		{66CEE40B-4A70-4432-A819-AA5C63994685}.HDF5 1.8 Release|x86.Build.0 = Release|Any CPU
		{66CEE40B-4A70-4432-A819-AA5C63994685}.Release|Any CPU.ActiveCfg = Release|Any CPU
		{66CEE40B-4A70-4432-A819-AA5C63994685}.Release|Any CPU.Build.0 = Release|Any CPU
		{66CEE40B-4A70-4432-A819-AA5C63994685}.Release|x64.ActiveCfg = Release|Any CPU
		{66CEE40B-4A70-4432-A819-AA5C63994685}.Release|x64.Build.0 = Release|Any CPU
		{66CEE40B-4A70-4432-A819-AA5C63994685}.Release|x86.ActiveCfg = Release|Any CPU
		{66CEE40B-4A70-4432-A819-AA5C63994685}.Release|x86.Build.0 = Release|Any CPU
		{66CEE40B-4A70-4432-A819-AA5C63994685}.Debug|anycpu.ActiveCfg = Debug|Any CPU
		{66CEE40B-4A70-4432-A819-AA5C63994685}.Debug|anycpu.Build.0 = Debug|Any CPU
		{66CEE40B-4A70-4432-A819-AA5C63994685}.Release|anycpu.ActiveCfg = Release|Any CPU
		{66CEE40B-4A70-4432-A819-AA5C63994685}.Release|anycpu.Build.0 = Release|Any CPU
		{19F6F3CF-461E-4693-A268-1202C7BF7043}.Debug|Any CPU.ActiveCfg = Debug|Any CPU
		{19F6F3CF-461E-4693-A268-1202C7BF7043}.Debug|Any CPU.Build.0 = Debug|Any CPU
		{19F6F3CF-461E-4693-A268-1202C7BF7043}.Debug|x64.ActiveCfg = Debug|Any CPU
		{19F6F3CF-461E-4693-A268-1202C7BF7043}.Debug|x64.Build.0 = Debug|Any CPU
		{19F6F3CF-461E-4693-A268-1202C7BF7043}.Debug|x86.ActiveCfg = Debug|Any CPU
		{19F6F3CF-461E-4693-A268-1202C7BF7043}.Debug|x86.Build.0 = Debug|Any CPU
		{19F6F3CF-461E-4693-A268-1202C7BF7043}.HDF5 1.10 Debug|Any CPU.ActiveCfg = Debug|Any CPU
		{19F6F3CF-461E-4693-A268-1202C7BF7043}.HDF5 1.10 Debug|Any CPU.Build.0 = Debug|Any CPU
		{19F6F3CF-461E-4693-A268-1202C7BF7043}.HDF5 1.10 Debug|x64.ActiveCfg = Debug|Any CPU
		{19F6F3CF-461E-4693-A268-1202C7BF7043}.HDF5 1.10 Debug|x64.Build.0 = Debug|Any CPU
		{19F6F3CF-461E-4693-A268-1202C7BF7043}.HDF5 1.10 Debug|x86.ActiveCfg = Debug|Any CPU
		{19F6F3CF-461E-4693-A268-1202C7BF7043}.HDF5 1.10 Debug|x86.Build.0 = Debug|Any CPU
		{19F6F3CF-461E-4693-A268-1202C7BF7043}.HDF5 1.10 Release|Any CPU.ActiveCfg = Debug|Any CPU
		{19F6F3CF-461E-4693-A268-1202C7BF7043}.HDF5 1.10 Release|Any CPU.Build.0 = Debug|Any CPU
		{19F6F3CF-461E-4693-A268-1202C7BF7043}.HDF5 1.10 Release|x64.ActiveCfg = Release|Any CPU
		{19F6F3CF-461E-4693-A268-1202C7BF7043}.HDF5 1.10 Release|x64.Build.0 = Release|Any CPU
		{19F6F3CF-461E-4693-A268-1202C7BF7043}.HDF5 1.10 Release|x86.ActiveCfg = Release|Any CPU
		{19F6F3CF-461E-4693-A268-1202C7BF7043}.HDF5 1.10 Release|x86.Build.0 = Release|Any CPU
		{19F6F3CF-461E-4693-A268-1202C7BF7043}.HDF5 1.8 Debug|Any CPU.ActiveCfg = Debug|Any CPU
		{19F6F3CF-461E-4693-A268-1202C7BF7043}.HDF5 1.8 Debug|Any CPU.Build.0 = Debug|Any CPU
		{19F6F3CF-461E-4693-A268-1202C7BF7043}.HDF5 1.8 Debug|x64.ActiveCfg = Debug|Any CPU
		{19F6F3CF-461E-4693-A268-1202C7BF7043}.HDF5 1.8 Debug|x64.Build.0 = Debug|Any CPU
		{19F6F3CF-461E-4693-A268-1202C7BF7043}.HDF5 1.8 Debug|x86.ActiveCfg = Debug|Any CPU
		{19F6F3CF-461E-4693-A268-1202C7BF7043}.HDF5 1.8 Debug|x86.Build.0 = Debug|Any CPU
		{19F6F3CF-461E-4693-A268-1202C7BF7043}.HDF5 1.8 Release|Any CPU.ActiveCfg = Debug|Any CPU
		{19F6F3CF-461E-4693-A268-1202C7BF7043}.HDF5 1.8 Release|Any CPU.Build.0 = Debug|Any CPU
		{19F6F3CF-461E-4693-A268-1202C7BF7043}.HDF5 1.8 Release|x64.ActiveCfg = Release|Any CPU
		{19F6F3CF-461E-4693-A268-1202C7BF7043}.HDF5 1.8 Release|x64.Build.0 = Release|Any CPU
		{19F6F3CF-461E-4693-A268-1202C7BF7043}.HDF5 1.8 Release|x86.ActiveCfg = Release|Any CPU
		{19F6F3CF-461E-4693-A268-1202C7BF7043}.HDF5 1.8 Release|x86.Build.0 = Release|Any CPU
		{19F6F3CF-461E-4693-A268-1202C7BF7043}.Release|Any CPU.ActiveCfg = Release|Any CPU
		{19F6F3CF-461E-4693-A268-1202C7BF7043}.Release|Any CPU.Build.0 = Release|Any CPU
		{19F6F3CF-461E-4693-A268-1202C7BF7043}.Release|x64.ActiveCfg = Release|Any CPU
		{19F6F3CF-461E-4693-A268-1202C7BF7043}.Release|x64.Build.0 = Release|Any CPU
		{19F6F3CF-461E-4693-A268-1202C7BF7043}.Release|x86.ActiveCfg = Release|Any CPU
		{19F6F3CF-461E-4693-A268-1202C7BF7043}.Release|x86.Build.0 = Release|Any CPU
		{19F6F3CF-461E-4693-A268-1202C7BF7043}.Debug|anycpu.ActiveCfg = Debug|Any CPU
		{19F6F3CF-461E-4693-A268-1202C7BF7043}.Debug|anycpu.Build.0 = Debug|Any CPU
		{19F6F3CF-461E-4693-A268-1202C7BF7043}.Release|anycpu.ActiveCfg = Release|Any CPU
		{19F6F3CF-461E-4693-A268-1202C7BF7043}.Release|anycpu.Build.0 = Release|Any CPU
		{1B6462A9-7434-490C-B65C-91498B6FFA3F}.Debug|Any CPU.ActiveCfg = Debug|Any CPU
		{1B6462A9-7434-490C-B65C-91498B6FFA3F}.Debug|Any CPU.Build.0 = Debug|Any CPU
		{1B6462A9-7434-490C-B65C-91498B6FFA3F}.Debug|x64.ActiveCfg = Debug|Any CPU
		{1B6462A9-7434-490C-B65C-91498B6FFA3F}.Debug|x64.Build.0 = Debug|Any CPU
		{1B6462A9-7434-490C-B65C-91498B6FFA3F}.Debug|x86.ActiveCfg = Debug|Any CPU
		{1B6462A9-7434-490C-B65C-91498B6FFA3F}.Debug|x86.Build.0 = Debug|Any CPU
		{1B6462A9-7434-490C-B65C-91498B6FFA3F}.HDF5 1.10 Debug|Any CPU.ActiveCfg = Debug|Any CPU
		{1B6462A9-7434-490C-B65C-91498B6FFA3F}.HDF5 1.10 Debug|Any CPU.Build.0 = Debug|Any CPU
		{1B6462A9-7434-490C-B65C-91498B6FFA3F}.HDF5 1.10 Debug|x64.ActiveCfg = Debug|Any CPU
		{1B6462A9-7434-490C-B65C-91498B6FFA3F}.HDF5 1.10 Debug|x64.Build.0 = Debug|Any CPU
		{1B6462A9-7434-490C-B65C-91498B6FFA3F}.HDF5 1.10 Debug|x86.ActiveCfg = Debug|Any CPU
		{1B6462A9-7434-490C-B65C-91498B6FFA3F}.HDF5 1.10 Debug|x86.Build.0 = Debug|Any CPU
		{1B6462A9-7434-490C-B65C-91498B6FFA3F}.HDF5 1.10 Release|Any CPU.ActiveCfg = Debug|Any CPU
		{1B6462A9-7434-490C-B65C-91498B6FFA3F}.HDF5 1.10 Release|Any CPU.Build.0 = Debug|Any CPU
		{1B6462A9-7434-490C-B65C-91498B6FFA3F}.HDF5 1.10 Release|x64.ActiveCfg = Release|Any CPU
		{1B6462A9-7434-490C-B65C-91498B6FFA3F}.HDF5 1.10 Release|x64.Build.0 = Release|Any CPU
		{1B6462A9-7434-490C-B65C-91498B6FFA3F}.HDF5 1.10 Release|x86.ActiveCfg = Release|Any CPU
		{1B6462A9-7434-490C-B65C-91498B6FFA3F}.HDF5 1.10 Release|x86.Build.0 = Release|Any CPU
		{1B6462A9-7434-490C-B65C-91498B6FFA3F}.HDF5 1.8 Debug|Any CPU.ActiveCfg = Debug|Any CPU
		{1B6462A9-7434-490C-B65C-91498B6FFA3F}.HDF5 1.8 Debug|Any CPU.Build.0 = Debug|Any CPU
		{1B6462A9-7434-490C-B65C-91498B6FFA3F}.HDF5 1.8 Debug|x64.ActiveCfg = Debug|Any CPU
		{1B6462A9-7434-490C-B65C-91498B6FFA3F}.HDF5 1.8 Debug|x64.Build.0 = Debug|Any CPU
		{1B6462A9-7434-490C-B65C-91498B6FFA3F}.HDF5 1.8 Debug|x86.ActiveCfg = Debug|Any CPU
		{1B6462A9-7434-490C-B65C-91498B6FFA3F}.HDF5 1.8 Debug|x86.Build.0 = Debug|Any CPU
		{1B6462A9-7434-490C-B65C-91498B6FFA3F}.HDF5 1.8 Release|Any CPU.ActiveCfg = Debug|Any CPU
		{1B6462A9-7434-490C-B65C-91498B6FFA3F}.HDF5 1.8 Release|Any CPU.Build.0 = Debug|Any CPU
		{1B6462A9-7434-490C-B65C-91498B6FFA3F}.HDF5 1.8 Release|x64.ActiveCfg = Release|Any CPU
		{1B6462A9-7434-490C-B65C-91498B6FFA3F}.HDF5 1.8 Release|x64.Build.0 = Release|Any CPU
		{1B6462A9-7434-490C-B65C-91498B6FFA3F}.HDF5 1.8 Release|x86.ActiveCfg = Release|Any CPU
		{1B6462A9-7434-490C-B65C-91498B6FFA3F}.HDF5 1.8 Release|x86.Build.0 = Release|Any CPU
		{1B6462A9-7434-490C-B65C-91498B6FFA3F}.Release|Any CPU.ActiveCfg = Release|Any CPU
		{1B6462A9-7434-490C-B65C-91498B6FFA3F}.Release|Any CPU.Build.0 = Release|Any CPU
		{1B6462A9-7434-490C-B65C-91498B6FFA3F}.Release|x64.ActiveCfg = Release|Any CPU
		{1B6462A9-7434-490C-B65C-91498B6FFA3F}.Release|x64.Build.0 = Release|Any CPU
		{1B6462A9-7434-490C-B65C-91498B6FFA3F}.Release|x86.ActiveCfg = Release|Any CPU
		{1B6462A9-7434-490C-B65C-91498B6FFA3F}.Release|x86.Build.0 = Release|Any CPU
		{1B6462A9-7434-490C-B65C-91498B6FFA3F}.Debug|anycpu.ActiveCfg = Debug|Any CPU
		{1B6462A9-7434-490C-B65C-91498B6FFA3F}.Debug|anycpu.Build.0 = Debug|Any CPU
		{1B6462A9-7434-490C-B65C-91498B6FFA3F}.Release|anycpu.ActiveCfg = Release|Any CPU
		{1B6462A9-7434-490C-B65C-91498B6FFA3F}.Release|anycpu.Build.0 = Release|Any CPU
		{AD341F6F-9ABF-4462-BD8D-4531A8113EA7}.Debug|Any CPU.ActiveCfg = Debug|Any CPU
		{AD341F6F-9ABF-4462-BD8D-4531A8113EA7}.Debug|Any CPU.Build.0 = Debug|Any CPU
		{AD341F6F-9ABF-4462-BD8D-4531A8113EA7}.Debug|x64.ActiveCfg = Debug|Any CPU
		{AD341F6F-9ABF-4462-BD8D-4531A8113EA7}.Debug|x64.Build.0 = Debug|Any CPU
		{AD341F6F-9ABF-4462-BD8D-4531A8113EA7}.Debug|x86.ActiveCfg = Debug|Any CPU
		{AD341F6F-9ABF-4462-BD8D-4531A8113EA7}.Debug|x86.Build.0 = Debug|Any CPU
		{AD341F6F-9ABF-4462-BD8D-4531A8113EA7}.HDF5 1.10 Debug|Any CPU.ActiveCfg = Debug|Any CPU
		{AD341F6F-9ABF-4462-BD8D-4531A8113EA7}.HDF5 1.10 Debug|Any CPU.Build.0 = Debug|Any CPU
		{AD341F6F-9ABF-4462-BD8D-4531A8113EA7}.HDF5 1.10 Debug|x64.ActiveCfg = Debug|Any CPU
		{AD341F6F-9ABF-4462-BD8D-4531A8113EA7}.HDF5 1.10 Debug|x64.Build.0 = Debug|Any CPU
		{AD341F6F-9ABF-4462-BD8D-4531A8113EA7}.HDF5 1.10 Debug|x86.ActiveCfg = Debug|Any CPU
		{AD341F6F-9ABF-4462-BD8D-4531A8113EA7}.HDF5 1.10 Debug|x86.Build.0 = Debug|Any CPU
		{AD341F6F-9ABF-4462-BD8D-4531A8113EA7}.HDF5 1.10 Release|Any CPU.ActiveCfg = Debug|Any CPU
		{AD341F6F-9ABF-4462-BD8D-4531A8113EA7}.HDF5 1.10 Release|Any CPU.Build.0 = Debug|Any CPU
		{AD341F6F-9ABF-4462-BD8D-4531A8113EA7}.HDF5 1.10 Release|x64.ActiveCfg = Release|Any CPU
		{AD341F6F-9ABF-4462-BD8D-4531A8113EA7}.HDF5 1.10 Release|x64.Build.0 = Release|Any CPU
		{AD341F6F-9ABF-4462-BD8D-4531A8113EA7}.HDF5 1.10 Release|x86.ActiveCfg = Release|Any CPU
		{AD341F6F-9ABF-4462-BD8D-4531A8113EA7}.HDF5 1.10 Release|x86.Build.0 = Release|Any CPU
		{AD341F6F-9ABF-4462-BD8D-4531A8113EA7}.HDF5 1.8 Debug|Any CPU.ActiveCfg = Debug|Any CPU
		{AD341F6F-9ABF-4462-BD8D-4531A8113EA7}.HDF5 1.8 Debug|Any CPU.Build.0 = Debug|Any CPU
		{AD341F6F-9ABF-4462-BD8D-4531A8113EA7}.HDF5 1.8 Debug|x64.ActiveCfg = Debug|Any CPU
		{AD341F6F-9ABF-4462-BD8D-4531A8113EA7}.HDF5 1.8 Debug|x64.Build.0 = Debug|Any CPU
		{AD341F6F-9ABF-4462-BD8D-4531A8113EA7}.HDF5 1.8 Debug|x86.ActiveCfg = Debug|Any CPU
		{AD341F6F-9ABF-4462-BD8D-4531A8113EA7}.HDF5 1.8 Debug|x86.Build.0 = Debug|Any CPU
		{AD341F6F-9ABF-4462-BD8D-4531A8113EA7}.HDF5 1.8 Release|Any CPU.ActiveCfg = Debug|Any CPU
		{AD341F6F-9ABF-4462-BD8D-4531A8113EA7}.HDF5 1.8 Release|Any CPU.Build.0 = Debug|Any CPU
		{AD341F6F-9ABF-4462-BD8D-4531A8113EA7}.HDF5 1.8 Release|x64.ActiveCfg = Release|Any CPU
		{AD341F6F-9ABF-4462-BD8D-4531A8113EA7}.HDF5 1.8 Release|x64.Build.0 = Release|Any CPU
		{AD341F6F-9ABF-4462-BD8D-4531A8113EA7}.HDF5 1.8 Release|x86.ActiveCfg = Release|Any CPU
		{AD341F6F-9ABF-4462-BD8D-4531A8113EA7}.HDF5 1.8 Release|x86.Build.0 = Release|Any CPU
		{AD341F6F-9ABF-4462-BD8D-4531A8113EA7}.Release|Any CPU.ActiveCfg = Release|Any CPU
		{AD341F6F-9ABF-4462-BD8D-4531A8113EA7}.Release|Any CPU.Build.0 = Release|Any CPU
		{AD341F6F-9ABF-4462-BD8D-4531A8113EA7}.Release|x64.ActiveCfg = Release|Any CPU
		{AD341F6F-9ABF-4462-BD8D-4531A8113EA7}.Release|x64.Build.0 = Release|Any CPU
		{AD341F6F-9ABF-4462-BD8D-4531A8113EA7}.Release|x86.ActiveCfg = Release|Any CPU
		{AD341F6F-9ABF-4462-BD8D-4531A8113EA7}.Release|x86.Build.0 = Release|Any CPU
		{AD341F6F-9ABF-4462-BD8D-4531A8113EA7}.Debug|anycpu.ActiveCfg = Debug|Any CPU
		{AD341F6F-9ABF-4462-BD8D-4531A8113EA7}.Debug|anycpu.Build.0 = Debug|Any CPU
		{AD341F6F-9ABF-4462-BD8D-4531A8113EA7}.Release|anycpu.ActiveCfg = Release|Any CPU
		{AD341F6F-9ABF-4462-BD8D-4531A8113EA7}.Release|anycpu.Build.0 = Release|Any CPU
		{F8D3FE64-31F7-4934-BD69-4942DE6F5850}.Debug|Any CPU.ActiveCfg = Debug|Any CPU
		{F8D3FE64-31F7-4934-BD69-4942DE6F5850}.Debug|Any CPU.Build.0 = Debug|Any CPU
		{F8D3FE64-31F7-4934-BD69-4942DE6F5850}.Debug|x64.ActiveCfg = Debug|Any CPU
		{F8D3FE64-31F7-4934-BD69-4942DE6F5850}.Debug|x64.Build.0 = Debug|Any CPU
		{F8D3FE64-31F7-4934-BD69-4942DE6F5850}.Debug|x86.ActiveCfg = Debug|Any CPU
		{F8D3FE64-31F7-4934-BD69-4942DE6F5850}.Debug|x86.Build.0 = Debug|Any CPU
		{F8D3FE64-31F7-4934-BD69-4942DE6F5850}.HDF5 1.10 Debug|Any CPU.ActiveCfg = Debug|Any CPU
		{F8D3FE64-31F7-4934-BD69-4942DE6F5850}.HDF5 1.10 Debug|Any CPU.Build.0 = Debug|Any CPU
		{F8D3FE64-31F7-4934-BD69-4942DE6F5850}.HDF5 1.10 Debug|x64.ActiveCfg = Debug|Any CPU
		{F8D3FE64-31F7-4934-BD69-4942DE6F5850}.HDF5 1.10 Debug|x64.Build.0 = Debug|Any CPU
		{F8D3FE64-31F7-4934-BD69-4942DE6F5850}.HDF5 1.10 Debug|x86.ActiveCfg = Debug|Any CPU
		{F8D3FE64-31F7-4934-BD69-4942DE6F5850}.HDF5 1.10 Debug|x86.Build.0 = Debug|Any CPU
		{F8D3FE64-31F7-4934-BD69-4942DE6F5850}.HDF5 1.10 Release|Any CPU.ActiveCfg = Debug|Any CPU
		{F8D3FE64-31F7-4934-BD69-4942DE6F5850}.HDF5 1.10 Release|Any CPU.Build.0 = Debug|Any CPU
		{F8D3FE64-31F7-4934-BD69-4942DE6F5850}.HDF5 1.10 Release|x64.ActiveCfg = Release|Any CPU
		{F8D3FE64-31F7-4934-BD69-4942DE6F5850}.HDF5 1.10 Release|x64.Build.0 = Release|Any CPU
		{F8D3FE64-31F7-4934-BD69-4942DE6F5850}.HDF5 1.10 Release|x86.ActiveCfg = Release|Any CPU
		{F8D3FE64-31F7-4934-BD69-4942DE6F5850}.HDF5 1.10 Release|x86.Build.0 = Release|Any CPU
		{F8D3FE64-31F7-4934-BD69-4942DE6F5850}.HDF5 1.8 Debug|Any CPU.ActiveCfg = Debug|Any CPU
		{F8D3FE64-31F7-4934-BD69-4942DE6F5850}.HDF5 1.8 Debug|Any CPU.Build.0 = Debug|Any CPU
		{F8D3FE64-31F7-4934-BD69-4942DE6F5850}.HDF5 1.8 Debug|x64.ActiveCfg = Debug|Any CPU
		{F8D3FE64-31F7-4934-BD69-4942DE6F5850}.HDF5 1.8 Debug|x64.Build.0 = Debug|Any CPU
		{F8D3FE64-31F7-4934-BD69-4942DE6F5850}.HDF5 1.8 Debug|x86.ActiveCfg = Debug|Any CPU
		{F8D3FE64-31F7-4934-BD69-4942DE6F5850}.HDF5 1.8 Debug|x86.Build.0 = Debug|Any CPU
		{F8D3FE64-31F7-4934-BD69-4942DE6F5850}.HDF5 1.8 Release|Any CPU.ActiveCfg = Debug|Any CPU
		{F8D3FE64-31F7-4934-BD69-4942DE6F5850}.HDF5 1.8 Release|Any CPU.Build.0 = Debug|Any CPU
		{F8D3FE64-31F7-4934-BD69-4942DE6F5850}.HDF5 1.8 Release|x64.ActiveCfg = Release|Any CPU
		{F8D3FE64-31F7-4934-BD69-4942DE6F5850}.HDF5 1.8 Release|x64.Build.0 = Release|Any CPU
		{F8D3FE64-31F7-4934-BD69-4942DE6F5850}.HDF5 1.8 Release|x86.ActiveCfg = Release|Any CPU
		{F8D3FE64-31F7-4934-BD69-4942DE6F5850}.HDF5 1.8 Release|x86.Build.0 = Release|Any CPU
		{F8D3FE64-31F7-4934-BD69-4942DE6F5850}.Release|Any CPU.ActiveCfg = Release|Any CPU
		{F8D3FE64-31F7-4934-BD69-4942DE6F5850}.Release|Any CPU.Build.0 = Release|Any CPU
		{F8D3FE64-31F7-4934-BD69-4942DE6F5850}.Release|x64.ActiveCfg = Release|Any CPU
		{F8D3FE64-31F7-4934-BD69-4942DE6F5850}.Release|x64.Build.0 = Release|Any CPU
		{F8D3FE64-31F7-4934-BD69-4942DE6F5850}.Release|x86.ActiveCfg = Release|Any CPU
		{F8D3FE64-31F7-4934-BD69-4942DE6F5850}.Release|x86.Build.0 = Release|Any CPU
		{F8D3FE64-31F7-4934-BD69-4942DE6F5850}.Debug|anycpu.ActiveCfg = Debug|Any CPU
		{F8D3FE64-31F7-4934-BD69-4942DE6F5850}.Debug|anycpu.Build.0 = Debug|Any CPU
		{F8D3FE64-31F7-4934-BD69-4942DE6F5850}.Release|anycpu.ActiveCfg = Release|Any CPU
		{F8D3FE64-31F7-4934-BD69-4942DE6F5850}.Release|anycpu.Build.0 = Release|Any CPU
		{4450F800-93E2-4D4A-B224-966E2338CDED}.Debug|Any CPU.ActiveCfg = Debug|Any CPU
		{4450F800-93E2-4D4A-B224-966E2338CDED}.Debug|Any CPU.Build.0 = Debug|Any CPU
		{4450F800-93E2-4D4A-B224-966E2338CDED}.Debug|x64.ActiveCfg = Debug|Any CPU
		{4450F800-93E2-4D4A-B224-966E2338CDED}.Debug|x64.Build.0 = Debug|Any CPU
		{4450F800-93E2-4D4A-B224-966E2338CDED}.Debug|x86.ActiveCfg = Debug|Any CPU
		{4450F800-93E2-4D4A-B224-966E2338CDED}.Debug|x86.Build.0 = Debug|Any CPU
		{4450F800-93E2-4D4A-B224-966E2338CDED}.HDF5 1.10 Debug|Any CPU.ActiveCfg = HDF5 1.10 Debug|Any CPU
		{4450F800-93E2-4D4A-B224-966E2338CDED}.HDF5 1.10 Debug|Any CPU.Build.0 = HDF5 1.10 Debug|Any CPU
		{4450F800-93E2-4D4A-B224-966E2338CDED}.HDF5 1.10 Debug|x64.ActiveCfg = HDF5 1.10 Debug|Any CPU
		{4450F800-93E2-4D4A-B224-966E2338CDED}.HDF5 1.10 Debug|x64.Build.0 = HDF5 1.10 Debug|Any CPU
		{4450F800-93E2-4D4A-B224-966E2338CDED}.HDF5 1.10 Debug|x86.ActiveCfg = HDF5 1.10 Debug|Any CPU
		{4450F800-93E2-4D4A-B224-966E2338CDED}.HDF5 1.10 Debug|x86.Build.0 = HDF5 1.10 Debug|Any CPU
		{4450F800-93E2-4D4A-B224-966E2338CDED}.HDF5 1.10 Release|Any CPU.ActiveCfg = HDF5 1.10 Release|Any CPU
		{4450F800-93E2-4D4A-B224-966E2338CDED}.HDF5 1.10 Release|Any CPU.Build.0 = HDF5 1.10 Release|Any CPU
		{4450F800-93E2-4D4A-B224-966E2338CDED}.HDF5 1.10 Release|x64.ActiveCfg = HDF5 1.10 Release|Any CPU
		{4450F800-93E2-4D4A-B224-966E2338CDED}.HDF5 1.10 Release|x64.Build.0 = HDF5 1.10 Release|Any CPU
		{4450F800-93E2-4D4A-B224-966E2338CDED}.HDF5 1.10 Release|x86.ActiveCfg = HDF5 1.10 Release|Any CPU
		{4450F800-93E2-4D4A-B224-966E2338CDED}.HDF5 1.10 Release|x86.Build.0 = HDF5 1.10 Release|Any CPU
		{4450F800-93E2-4D4A-B224-966E2338CDED}.HDF5 1.8 Debug|Any CPU.ActiveCfg = HDF5 1.8 Debug|Any CPU
		{4450F800-93E2-4D4A-B224-966E2338CDED}.HDF5 1.8 Debug|Any CPU.Build.0 = HDF5 1.8 Debug|Any CPU
		{4450F800-93E2-4D4A-B224-966E2338CDED}.HDF5 1.8 Debug|x64.ActiveCfg = HDF5 1.8 Debug|Any CPU
		{4450F800-93E2-4D4A-B224-966E2338CDED}.HDF5 1.8 Debug|x64.Build.0 = HDF5 1.8 Debug|Any CPU
		{4450F800-93E2-4D4A-B224-966E2338CDED}.HDF5 1.8 Debug|x86.ActiveCfg = HDF5 1.8 Debug|Any CPU
		{4450F800-93E2-4D4A-B224-966E2338CDED}.HDF5 1.8 Debug|x86.Build.0 = HDF5 1.8 Debug|Any CPU
		{4450F800-93E2-4D4A-B224-966E2338CDED}.HDF5 1.8 Release|Any CPU.ActiveCfg = HDF5 1.8 Release|Any CPU
		{4450F800-93E2-4D4A-B224-966E2338CDED}.HDF5 1.8 Release|Any CPU.Build.0 = HDF5 1.8 Release|Any CPU
		{4450F800-93E2-4D4A-B224-966E2338CDED}.HDF5 1.8 Release|x64.ActiveCfg = HDF5 1.8 Release|Any CPU
		{4450F800-93E2-4D4A-B224-966E2338CDED}.HDF5 1.8 Release|x64.Build.0 = HDF5 1.8 Release|Any CPU
		{4450F800-93E2-4D4A-B224-966E2338CDED}.HDF5 1.8 Release|x86.ActiveCfg = HDF5 1.8 Release|Any CPU
		{4450F800-93E2-4D4A-B224-966E2338CDED}.HDF5 1.8 Release|x86.Build.0 = HDF5 1.8 Release|Any CPU
		{4450F800-93E2-4D4A-B224-966E2338CDED}.Release|Any CPU.ActiveCfg = Release|Any CPU
		{4450F800-93E2-4D4A-B224-966E2338CDED}.Release|Any CPU.Build.0 = Release|Any CPU
		{4450F800-93E2-4D4A-B224-966E2338CDED}.Release|x64.ActiveCfg = Release|Any CPU
		{4450F800-93E2-4D4A-B224-966E2338CDED}.Release|x64.Build.0 = Release|Any CPU
		{4450F800-93E2-4D4A-B224-966E2338CDED}.Release|x86.ActiveCfg = Release|Any CPU
		{4450F800-93E2-4D4A-B224-966E2338CDED}.Release|x86.Build.0 = Release|Any CPU
		{4450F800-93E2-4D4A-B224-966E2338CDED}.Debug|anycpu.ActiveCfg = Debug|Any CPU
		{4450F800-93E2-4D4A-B224-966E2338CDED}.Debug|anycpu.Build.0 = Debug|Any CPU
		{4450F800-93E2-4D4A-B224-966E2338CDED}.Release|anycpu.ActiveCfg = Release|Any CPU
		{4450F800-93E2-4D4A-B224-966E2338CDED}.Release|anycpu.Build.0 = Release|Any CPU
		{15562F56-CFD4-4EDA-9722-56E397876E52}.Debug|Any CPU.ActiveCfg = Debug|Any CPU
		{15562F56-CFD4-4EDA-9722-56E397876E52}.Debug|Any CPU.Build.0 = Debug|Any CPU
		{15562F56-CFD4-4EDA-9722-56E397876E52}.Debug|x64.ActiveCfg = Debug|Any CPU
		{15562F56-CFD4-4EDA-9722-56E397876E52}.Debug|x64.Build.0 = Debug|Any CPU
		{15562F56-CFD4-4EDA-9722-56E397876E52}.Debug|x86.ActiveCfg = Debug|Any CPU
		{15562F56-CFD4-4EDA-9722-56E397876E52}.Debug|x86.Build.0 = Debug|Any CPU
		{15562F56-CFD4-4EDA-9722-56E397876E52}.HDF5 1.10 Debug|Any CPU.ActiveCfg = Debug|Any CPU
		{15562F56-CFD4-4EDA-9722-56E397876E52}.HDF5 1.10 Debug|Any CPU.Build.0 = Debug|Any CPU
		{15562F56-CFD4-4EDA-9722-56E397876E52}.HDF5 1.10 Debug|x64.ActiveCfg = Debug|Any CPU
		{15562F56-CFD4-4EDA-9722-56E397876E52}.HDF5 1.10 Debug|x64.Build.0 = Debug|Any CPU
		{15562F56-CFD4-4EDA-9722-56E397876E52}.HDF5 1.10 Debug|x86.ActiveCfg = Debug|Any CPU
		{15562F56-CFD4-4EDA-9722-56E397876E52}.HDF5 1.10 Debug|x86.Build.0 = Debug|Any CPU
		{15562F56-CFD4-4EDA-9722-56E397876E52}.HDF5 1.10 Release|Any CPU.ActiveCfg = Debug|Any CPU
		{15562F56-CFD4-4EDA-9722-56E397876E52}.HDF5 1.10 Release|Any CPU.Build.0 = Debug|Any CPU
		{15562F56-CFD4-4EDA-9722-56E397876E52}.HDF5 1.10 Release|x64.ActiveCfg = Release|Any CPU
		{15562F56-CFD4-4EDA-9722-56E397876E52}.HDF5 1.10 Release|x64.Build.0 = Release|Any CPU
		{15562F56-CFD4-4EDA-9722-56E397876E52}.HDF5 1.10 Release|x86.ActiveCfg = Release|Any CPU
		{15562F56-CFD4-4EDA-9722-56E397876E52}.HDF5 1.10 Release|x86.Build.0 = Release|Any CPU
		{15562F56-CFD4-4EDA-9722-56E397876E52}.HDF5 1.8 Debug|Any CPU.ActiveCfg = Debug|Any CPU
		{15562F56-CFD4-4EDA-9722-56E397876E52}.HDF5 1.8 Debug|Any CPU.Build.0 = Debug|Any CPU
		{15562F56-CFD4-4EDA-9722-56E397876E52}.HDF5 1.8 Debug|x64.ActiveCfg = Debug|Any CPU
		{15562F56-CFD4-4EDA-9722-56E397876E52}.HDF5 1.8 Debug|x64.Build.0 = Debug|Any CPU
		{15562F56-CFD4-4EDA-9722-56E397876E52}.HDF5 1.8 Debug|x86.ActiveCfg = Debug|Any CPU
		{15562F56-CFD4-4EDA-9722-56E397876E52}.HDF5 1.8 Debug|x86.Build.0 = Debug|Any CPU
		{15562F56-CFD4-4EDA-9722-56E397876E52}.HDF5 1.8 Release|Any CPU.ActiveCfg = Debug|Any CPU
		{15562F56-CFD4-4EDA-9722-56E397876E52}.HDF5 1.8 Release|Any CPU.Build.0 = Debug|Any CPU
		{15562F56-CFD4-4EDA-9722-56E397876E52}.HDF5 1.8 Release|x64.ActiveCfg = Release|Any CPU
		{15562F56-CFD4-4EDA-9722-56E397876E52}.HDF5 1.8 Release|x64.Build.0 = Release|Any CPU
		{15562F56-CFD4-4EDA-9722-56E397876E52}.HDF5 1.8 Release|x86.ActiveCfg = Release|Any CPU
		{15562F56-CFD4-4EDA-9722-56E397876E52}.HDF5 1.8 Release|x86.Build.0 = Release|Any CPU
		{15562F56-CFD4-4EDA-9722-56E397876E52}.Release|Any CPU.ActiveCfg = Release|Any CPU
		{15562F56-CFD4-4EDA-9722-56E397876E52}.Release|Any CPU.Build.0 = Release|Any CPU
		{15562F56-CFD4-4EDA-9722-56E397876E52}.Release|x64.ActiveCfg = Release|Any CPU
		{15562F56-CFD4-4EDA-9722-56E397876E52}.Release|x64.Build.0 = Release|Any CPU
		{15562F56-CFD4-4EDA-9722-56E397876E52}.Release|x86.ActiveCfg = Release|Any CPU
		{15562F56-CFD4-4EDA-9722-56E397876E52}.Release|x86.Build.0 = Release|Any CPU
		{15562F56-CFD4-4EDA-9722-56E397876E52}.Debug|anycpu.ActiveCfg = Debug|Any CPU
		{15562F56-CFD4-4EDA-9722-56E397876E52}.Debug|anycpu.Build.0 = Debug|Any CPU
		{15562F56-CFD4-4EDA-9722-56E397876E52}.Release|anycpu.ActiveCfg = Release|Any CPU
		{15562F56-CFD4-4EDA-9722-56E397876E52}.Release|anycpu.Build.0 = Release|Any CPU
		{C0667195-8286-4D48-93E3-9808E6A6444A}.Debug|Any CPU.ActiveCfg = Debug|Any CPU
		{C0667195-8286-4D48-93E3-9808E6A6444A}.Debug|Any CPU.Build.0 = Debug|Any CPU
		{C0667195-8286-4D48-93E3-9808E6A6444A}.Debug|x64.ActiveCfg = Debug|Any CPU
		{C0667195-8286-4D48-93E3-9808E6A6444A}.Debug|x64.Build.0 = Debug|Any CPU
		{C0667195-8286-4D48-93E3-9808E6A6444A}.Debug|x86.ActiveCfg = Debug|Any CPU
		{C0667195-8286-4D48-93E3-9808E6A6444A}.Debug|x86.Build.0 = Debug|Any CPU
		{C0667195-8286-4D48-93E3-9808E6A6444A}.HDF5 1.10 Debug|Any CPU.ActiveCfg = Debug|Any CPU
		{C0667195-8286-4D48-93E3-9808E6A6444A}.HDF5 1.10 Debug|Any CPU.Build.0 = Debug|Any CPU
		{C0667195-8286-4D48-93E3-9808E6A6444A}.HDF5 1.10 Debug|x64.ActiveCfg = Debug|Any CPU
		{C0667195-8286-4D48-93E3-9808E6A6444A}.HDF5 1.10 Debug|x64.Build.0 = Debug|Any CPU
		{C0667195-8286-4D48-93E3-9808E6A6444A}.HDF5 1.10 Debug|x86.ActiveCfg = Debug|Any CPU
		{C0667195-8286-4D48-93E3-9808E6A6444A}.HDF5 1.10 Debug|x86.Build.0 = Debug|Any CPU
		{C0667195-8286-4D48-93E3-9808E6A6444A}.HDF5 1.10 Release|Any CPU.ActiveCfg = Debug|Any CPU
		{C0667195-8286-4D48-93E3-9808E6A6444A}.HDF5 1.10 Release|Any CPU.Build.0 = Debug|Any CPU
		{C0667195-8286-4D48-93E3-9808E6A6444A}.HDF5 1.10 Release|x64.ActiveCfg = Debug|Any CPU
		{C0667195-8286-4D48-93E3-9808E6A6444A}.HDF5 1.10 Release|x64.Build.0 = Debug|Any CPU
		{C0667195-8286-4D48-93E3-9808E6A6444A}.HDF5 1.10 Release|x86.ActiveCfg = Debug|Any CPU
		{C0667195-8286-4D48-93E3-9808E6A6444A}.HDF5 1.10 Release|x86.Build.0 = Debug|Any CPU
		{C0667195-8286-4D48-93E3-9808E6A6444A}.HDF5 1.8 Debug|Any CPU.ActiveCfg = Debug|Any CPU
		{C0667195-8286-4D48-93E3-9808E6A6444A}.HDF5 1.8 Debug|Any CPU.Build.0 = Debug|Any CPU
		{C0667195-8286-4D48-93E3-9808E6A6444A}.HDF5 1.8 Debug|x64.ActiveCfg = Debug|Any CPU
		{C0667195-8286-4D48-93E3-9808E6A6444A}.HDF5 1.8 Debug|x64.Build.0 = Debug|Any CPU
		{C0667195-8286-4D48-93E3-9808E6A6444A}.HDF5 1.8 Debug|x86.ActiveCfg = Debug|Any CPU
		{C0667195-8286-4D48-93E3-9808E6A6444A}.HDF5 1.8 Debug|x86.Build.0 = Debug|Any CPU
		{C0667195-8286-4D48-93E3-9808E6A6444A}.HDF5 1.8 Release|Any CPU.ActiveCfg = Debug|Any CPU
		{C0667195-8286-4D48-93E3-9808E6A6444A}.HDF5 1.8 Release|Any CPU.Build.0 = Debug|Any CPU
		{C0667195-8286-4D48-93E3-9808E6A6444A}.HDF5 1.8 Release|x64.ActiveCfg = Debug|Any CPU
		{C0667195-8286-4D48-93E3-9808E6A6444A}.HDF5 1.8 Release|x64.Build.0 = Debug|Any CPU
		{C0667195-8286-4D48-93E3-9808E6A6444A}.HDF5 1.8 Release|x86.ActiveCfg = Debug|Any CPU
		{C0667195-8286-4D48-93E3-9808E6A6444A}.HDF5 1.8 Release|x86.Build.0 = Debug|Any CPU
		{C0667195-8286-4D48-93E3-9808E6A6444A}.Release|Any CPU.ActiveCfg = Release|Any CPU
		{C0667195-8286-4D48-93E3-9808E6A6444A}.Release|Any CPU.Build.0 = Release|Any CPU
		{C0667195-8286-4D48-93E3-9808E6A6444A}.Release|x64.ActiveCfg = Release|Any CPU
		{C0667195-8286-4D48-93E3-9808E6A6444A}.Release|x64.Build.0 = Release|Any CPU
		{C0667195-8286-4D48-93E3-9808E6A6444A}.Release|x86.ActiveCfg = Release|Any CPU
		{C0667195-8286-4D48-93E3-9808E6A6444A}.Release|x86.Build.0 = Release|Any CPU
		{C0667195-8286-4D48-93E3-9808E6A6444A}.Debug|anycpu.ActiveCfg = Debug|Any CPU
		{C0667195-8286-4D48-93E3-9808E6A6444A}.Debug|anycpu.Build.0 = Debug|Any CPU
		{C0667195-8286-4D48-93E3-9808E6A6444A}.Release|anycpu.ActiveCfg = Release|Any CPU
		{C0667195-8286-4D48-93E3-9808E6A6444A}.Release|anycpu.Build.0 = Release|Any CPU
		{3E984478-3EAB-4513-A4DF-5CEF9ADB0271}.Debug|Any CPU.ActiveCfg = Debug|anycpu
		{3E984478-3EAB-4513-A4DF-5CEF9ADB0271}.Debug|Any CPU.Build.0 = Debug|anycpu
		{3E984478-3EAB-4513-A4DF-5CEF9ADB0271}.Debug|x64.ActiveCfg = Debug|anycpu
		{3E984478-3EAB-4513-A4DF-5CEF9ADB0271}.Debug|x64.Build.0 = Debug|anycpu
		{3E984478-3EAB-4513-A4DF-5CEF9ADB0271}.Debug|x86.ActiveCfg = Debug|anycpu
		{3E984478-3EAB-4513-A4DF-5CEF9ADB0271}.Debug|x86.Build.0 = Debug|anycpu
		{3E984478-3EAB-4513-A4DF-5CEF9ADB0271}.HDF5 1.10 Debug|Any CPU.ActiveCfg = Debug|anycpu
		{3E984478-3EAB-4513-A4DF-5CEF9ADB0271}.HDF5 1.10 Debug|Any CPU.Build.0 = Debug|anycpu
		{3E984478-3EAB-4513-A4DF-5CEF9ADB0271}.HDF5 1.10 Debug|x64.ActiveCfg = Debug|anycpu
		{3E984478-3EAB-4513-A4DF-5CEF9ADB0271}.HDF5 1.10 Debug|x64.Build.0 = Debug|anycpu
		{3E984478-3EAB-4513-A4DF-5CEF9ADB0271}.HDF5 1.10 Debug|x86.ActiveCfg = Debug|anycpu
		{3E984478-3EAB-4513-A4DF-5CEF9ADB0271}.HDF5 1.10 Debug|x86.Build.0 = Debug|anycpu
		{3E984478-3EAB-4513-A4DF-5CEF9ADB0271}.HDF5 1.10 Release|Any CPU.ActiveCfg = Debug|anycpu
		{3E984478-3EAB-4513-A4DF-5CEF9ADB0271}.HDF5 1.10 Release|Any CPU.Build.0 = Debug|anycpu
		{3E984478-3EAB-4513-A4DF-5CEF9ADB0271}.HDF5 1.10 Release|x64.ActiveCfg = Debug|anycpu
		{3E984478-3EAB-4513-A4DF-5CEF9ADB0271}.HDF5 1.10 Release|x64.Build.0 = Debug|anycpu
		{3E984478-3EAB-4513-A4DF-5CEF9ADB0271}.HDF5 1.10 Release|x86.ActiveCfg = Debug|anycpu
		{3E984478-3EAB-4513-A4DF-5CEF9ADB0271}.HDF5 1.10 Release|x86.Build.0 = Debug|anycpu
		{3E984478-3EAB-4513-A4DF-5CEF9ADB0271}.HDF5 1.8 Debug|Any CPU.ActiveCfg = Debug|anycpu
		{3E984478-3EAB-4513-A4DF-5CEF9ADB0271}.HDF5 1.8 Debug|Any CPU.Build.0 = Debug|anycpu
		{3E984478-3EAB-4513-A4DF-5CEF9ADB0271}.HDF5 1.8 Debug|x64.ActiveCfg = Debug|anycpu
		{3E984478-3EAB-4513-A4DF-5CEF9ADB0271}.HDF5 1.8 Debug|x64.Build.0 = Debug|anycpu
		{3E984478-3EAB-4513-A4DF-5CEF9ADB0271}.HDF5 1.8 Debug|x86.ActiveCfg = Debug|anycpu
		{3E984478-3EAB-4513-A4DF-5CEF9ADB0271}.HDF5 1.8 Debug|x86.Build.0 = Debug|anycpu
		{3E984478-3EAB-4513-A4DF-5CEF9ADB0271}.HDF5 1.8 Release|Any CPU.ActiveCfg = Debug|anycpu
		{3E984478-3EAB-4513-A4DF-5CEF9ADB0271}.HDF5 1.8 Release|Any CPU.Build.0 = Debug|anycpu
		{3E984478-3EAB-4513-A4DF-5CEF9ADB0271}.HDF5 1.8 Release|x64.ActiveCfg = Debug|anycpu
		{3E984478-3EAB-4513-A4DF-5CEF9ADB0271}.HDF5 1.8 Release|x64.Build.0 = Debug|anycpu
		{3E984478-3EAB-4513-A4DF-5CEF9ADB0271}.HDF5 1.8 Release|x86.ActiveCfg = Debug|anycpu
		{3E984478-3EAB-4513-A4DF-5CEF9ADB0271}.HDF5 1.8 Release|x86.Build.0 = Debug|anycpu
		{3E984478-3EAB-4513-A4DF-5CEF9ADB0271}.Release|Any CPU.ActiveCfg = Release|anycpu
		{3E984478-3EAB-4513-A4DF-5CEF9ADB0271}.Release|Any CPU.Build.0 = Release|anycpu
		{3E984478-3EAB-4513-A4DF-5CEF9ADB0271}.Release|x64.ActiveCfg = Release|anycpu
		{3E984478-3EAB-4513-A4DF-5CEF9ADB0271}.Release|x64.Build.0 = Release|anycpu
		{3E984478-3EAB-4513-A4DF-5CEF9ADB0271}.Release|x86.ActiveCfg = Release|anycpu
		{3E984478-3EAB-4513-A4DF-5CEF9ADB0271}.Release|x86.Build.0 = Release|anycpu
		{3E984478-3EAB-4513-A4DF-5CEF9ADB0271}.Debug|anycpu.ActiveCfg = Debug|anycpu
		{3E984478-3EAB-4513-A4DF-5CEF9ADB0271}.Debug|anycpu.Build.0 = Debug|anycpu
		{3E984478-3EAB-4513-A4DF-5CEF9ADB0271}.Release|anycpu.ActiveCfg = Release|anycpu
		{3E984478-3EAB-4513-A4DF-5CEF9ADB0271}.Release|anycpu.Build.0 = Release|anycpu
	EndGlobalSection
	GlobalSection(SolutionProperties) = preSolution
		HideSolutionNode = FALSE
	EndGlobalSection
	GlobalSection(ExtensibilityGlobals) = postSolution
		SolutionGuid = {E2368459-FF5A-4877-A69E-F55D7A542D46}
	EndGlobalSection
	GlobalSection(MonoDevelopProperties) = preSolution
		Policies = $0
		$0.StandardHeader = $1
		$0.VersionControlPolicy = $2
		$0.DotNetNamingPolicy = $3
		$3.DirectoryNamespaceAssociation = PrefixedHierarchical
		$0.TextStylePolicy = $9
		version = 1.0
	EndGlobalSection
EndGlobal
